// !$*UTF8*$!
{
	archiveVersion = 1;
	classes = {
	};
	objectVersion = 48;
	objects = {

/* Begin PBXBuildFile section */
		CDA15B05200970AA007E6C32 /* AppDelegate.swift in Sources */ = {isa = PBXBuildFile; fileRef = CDA15B04200970AA007E6C32 /* AppDelegate.swift */; };
		CDA15B07200970AA007E6C32 /* ViewController.swift in Sources */ = {isa = PBXBuildFile; fileRef = CDA15B06200970AA007E6C32 /* ViewController.swift */; };
		CDA15B0A200970AA007E6C32 /* Main.storyboard in Resources */ = {isa = PBXBuildFile; fileRef = CDA15B08200970AA007E6C32 /* Main.storyboard */; };
		CDA15B0C200970AA007E6C32 /* Assets.xcassets in Resources */ = {isa = PBXBuildFile; fileRef = CDA15B0B200970AA007E6C32 /* Assets.xcassets */; };
		CDA15B0F200970AA007E6C32 /* LaunchScreen.storyboard in Resources */ = {isa = PBXBuildFile; fileRef = CDA15B0D200970AA007E6C32 /* LaunchScreen.storyboard */; };
		CDA15B17200970C4007E6C32 /* SwiftyJSON.swift in Sources */ = {isa = PBXBuildFile; fileRef = CDA15B16200970C4007E6C32 /* SwiftyJSON.swift */; };
/* End PBXBuildFile section */

/* Begin PBXFileReference section */
		CDA15B01200970A9007E6C32 /* GithubCommits.app */ = {isa = PBXFileReference; explicitFileType = wrapper.application; includeInIndex = 0; path = GithubCommits.app; sourceTree = BUILT_PRODUCTS_DIR; };
		CDA15B04200970AA007E6C32 /* AppDelegate.swift */ = {isa = PBXFileReference; lastKnownFileType = sourcecode.swift; path = AppDelegate.swift; sourceTree = "<group>"; };
		CDA15B06200970AA007E6C32 /* ViewController.swift */ = {isa = PBXFileReference; lastKnownFileType = sourcecode.swift; path = ViewController.swift; sourceTree = "<group>"; };
		CDA15B09200970AA007E6C32 /* Base */ = {isa = PBXFileReference; lastKnownFileType = file.storyboard; name = Base; path = Base.lproj/Main.storyboard; sourceTree = "<group>"; };
		CDA15B0B200970AA007E6C32 /* Assets.xcassets */ = {isa = PBXFileReference; lastKnownFileType = folder.assetcatalog; path = Assets.xcassets; sourceTree = "<group>"; };
		CDA15B0E200970AA007E6C32 /* Base */ = {isa = PBXFileReference; lastKnownFileType = file.storyboard; name = Base; path = Base.lproj/LaunchScreen.storyboard; sourceTree = "<group>"; };
		CDA15B10200970AA007E6C32 /* Info.plist */ = {isa = PBXFileReference; lastKnownFileType = text.plist.xml; path = Info.plist; sourceTree = "<group>"; };
		CDA15B16200970C4007E6C32 /* SwiftyJSON.swift */ = {isa = PBXFileReference; fileEncoding = 4; lastKnownFileType = sourcecode.swift; path = SwiftyJSON.swift; sourceTree = "<group>"; };
/* End PBXFileReference section */

/* Begin PBXFrameworksBuildPhase section */
		CDA15AFE200970A9007E6C32 /* Frameworks */ = {
			isa = PBXFrameworksBuildPhase;
			buildActionMask = 2147483647;
			files = (
			);
			runOnlyForDeploymentPostprocessing = 0;
		};
/* End PBXFrameworksBuildPhase section */

/* Begin PBXGroup section */
		CDA15AF8200970A9007E6C32 = {
			isa = PBXGroup;
			children = (
				CDA15B03200970A9007E6C32 /* GithubCommits */,
				CDA15B02200970A9007E6C32 /* Products */,
			);
			sourceTree = "<group>";
		};
		CDA15B02200970A9007E6C32 /* Products */ = {
			isa = PBXGroup;
			children = (
				CDA15B01200970A9007E6C32 /* GithubCommits.app */,
			);
			name = Products;
			sourceTree = "<group>";
		};
		CDA15B03200970A9007E6C32 /* GithubCommits */ = {
			isa = PBXGroup;
			children = (
				CDA15B04200970AA007E6C32 /* AppDelegate.swift */,
				CDA15B06200970AA007E6C32 /* ViewController.swift */,
				CDA15B08200970AA007E6C32 /* Main.storyboard */,
				CDA15B16200970C4007E6C32 /* SwiftyJSON.swift */,
				CDA15B0B200970AA007E6C32 /* Assets.xcassets */,
				CDA15B0D200970AA007E6C32 /* LaunchScreen.storyboard */,
				CDA15B10200970AA007E6C32 /* Info.plist */,
			);
			path = GithubCommits;
			sourceTree = "<group>";
		};
/* End PBXGroup section */

/* Begin PBXNativeTarget section */
		CDA15B00200970A9007E6C32 /* GithubCommits */ = {
			isa = PBXNativeTarget;
			buildConfigurationList = CDA15B13200970AA007E6C32 /* Build configuration list for PBXNativeTarget "GithubCommits" */;
			buildPhases = (
				CDA15AFD200970A9007E6C32 /* Sources */,
				CDA15AFE200970A9007E6C32 /* Frameworks */,
				CDA15AFF200970A9007E6C32 /* Resources */,
			);
			buildRules = (
			);
			dependencies = (
			);
			name = GithubCommits;
			productName = GithubCommits;
			productReference = CDA15B01200970A9007E6C32 /* GithubCommits.app */;
			productType = "com.apple.product-type.application";
		};
/* End PBXNativeTarget section */

/* Begin PBXProject section */
		CDA15AF9200970A9007E6C32 /* Project object */ = {
			isa = PBXProject;
			attributes = {
				LastSwiftUpdateCheck = 0920;
				LastUpgradeCheck = 0920;
				ORGANIZATIONNAME = "Soheil Novinfard";
				TargetAttributes = {
					CDA15B00200970A9007E6C32 = {
						CreatedOnToolsVersion = 9.2;
						ProvisioningStyle = Automatic;
					};
				};
			};
			buildConfigurationList = CDA15AFC200970A9007E6C32 /* Build configuration list for PBXProject "GithubCommits" */;
			compatibilityVersion = "Xcode 8.0";
			developmentRegion = en;
			hasScannedForEncodings = 0;
			knownRegions = (
				en,
				Base,
			);
			mainGroup = CDA15AF8200970A9007E6C32;
			productRefGroup = CDA15B02200970A9007E6C32 /* Products */;
			projectDirPath = "";
			projectRoot = "";
			targets = (
				CDA15B00200970A9007E6C32 /* GithubCommits */,
			);
		};
/* End PBXProject section */

/* Begin PBXResourcesBuildPhase section */
		CDA15AFF200970A9007E6C32 /* Resources */ = {
			isa = PBXResourcesBuildPhase;
			buildActionMask = 2147483647;
			files = (
				CDA15B0F200970AA007E6C32 /* LaunchScreen.storyboard in Resources */,
				CDA15B0C200970AA007E6C32 /* Assets.xcassets in Resources */,
				CDA15B0A200970AA007E6C32 /* Main.storyboard in Resources */,
			);
			runOnlyForDeploymentPostprocessing = 0;
		};
/* End PBXResourcesBuildPhase section */

/* Begin PBXSourcesBuildPhase section */
		CDA15AFD200970A9007E6C32 /* Sources */ = {
			isa = PBXSourcesBuildPhase;
			buildActionMask = 2147483647;
			files = (
				CDA15B17200970C4007E6C32 /* SwiftyJSON.swift in Sources */,
				CDA15B07200970AA007E6C32 /* ViewController.swift in Sources */,
				CDA15B05200970AA007E6C32 /* AppDelegate.swift in Sources */,
			);
			runOnlyForDeploymentPostprocessing = 0;
		};
/* End PBXSourcesBuildPhase section */

/* Begin PBXVariantGroup section */
		CDA15B08200970AA007E6C32 /* Main.storyboard */ = {
			isa = PBXVariantGroup;
			children = (
				CDA15B09200970AA007E6C32 /* Base */,
			);
			name = Main.storyboard;
			sourceTree = "<group>";
		};
		CDA15B0D200970AA007E6C32 /* LaunchScreen.storyboard */ = {
			isa = PBXVariantGroup;
			children = (
				CDA15B0E200970AA007E6C32 /* Base */,
			);
			name = LaunchScreen.storyboard;
			sourceTree = "<group>";
		};
/* End PBXVariantGroup section */

/* Begin XCBuildConfiguration section */
		CDA15B11200970AA007E6C32 /* Debug */ = {
			isa = XCBuildConfiguration;
			buildSettings = {
				ALWAYS_SEARCH_USER_PATHS = NO;
				CLANG_ANALYZER_NONNULL = YES;
				CLANG_ANALYZER_NUMBER_OBJECT_CONVERSION = YES_AGGRESSIVE;
				CLANG_CXX_LANGUAGE_STANDARD = "gnu++14";
				CLANG_CXX_LIBRARY = "libc++";
				CLANG_ENABLE_MODULES = YES;
				CLANG_ENABLE_OBJC_ARC = YES;
				CLANG_WARN_BLOCK_CAPTURE_AUTORELEASING = YES;
				CLANG_WARN_BOOL_CONVERSION = YES;
				CLANG_WARN_COMMA = YES;
				CLANG_WARN_CONSTANT_CONVERSION = YES;
				CLANG_WARN_DIRECT_OBJC_ISA_USAGE = YES_ERROR;
				CLANG_WARN_DOCUMENTATION_COMMENTS = YES;
				CLANG_WARN_EMPTY_BODY = YES;
				CLANG_WARN_ENUM_CONVERSION = YES;
				CLANG_WARN_INFINITE_RECURSION = YES;
				CLANG_WARN_INT_CONVERSION = YES;
				CLANG_WARN_NON_LITERAL_NULL_CONVERSION = YES;
				CLANG_WARN_OBJC_LITERAL_CONVERSION = YES;
				CLANG_WARN_OBJC_ROOT_CLASS = YES_ERROR;
				CLANG_WARN_RANGE_LOOP_ANALYSIS = YES;
				CLANG_WARN_STRICT_PROTOTYPES = YES;
				CLANG_WARN_SUSPICIOUS_MOVE = YES;
				CLANG_WARN_UNGUARDED_AVAILABILITY = YES_AGGRESSIVE;
				CLANG_WARN_UNREACHABLE_CODE = YES;
				CLANG_WARN__DUPLICATE_METHOD_MATCH = YES;
				CODE_SIGN_IDENTITY = "iPhone Developer";
				COPY_PHASE_STRIP = NO;
				DEBUG_INFORMATION_FORMAT = dwarf;
				ENABLE_STRICT_OBJC_MSGSEND = YES;
				ENABLE_TESTABILITY = YES;
				GCC_C_LANGUAGE_STANDARD = gnu11;
				GCC_DYNAMIC_NO_PIC = NO;
				GCC_NO_COMMON_BLOCKS = YES;
				GCC_OPTIMIZATION_LEVEL = 0;
				GCC_PREPROCESSOR_DEFINITIONS = (
					"DEBUG=1",
					"$(inherited)",
				);
				GCC_WARN_64_TO_32_BIT_CONVERSION = YES;
				GCC_WARN_ABOUT_RETURN_TYPE = YES_ERROR;
				GCC_WARN_UNDECLARED_SELECTOR = YES;
				GCC_WARN_UNINITIALIZED_AUTOS = YES_AGGRESSIVE;
				GCC_WARN_UNUSED_FUNCTION = YES;
				GCC_WARN_UNUSED_VARIABLE = YES;
				IPHONEOS_DEPLOYMENT_TARGET = 11.2;
				MTL_ENABLE_DEBUG_INFO = YES;
				ONLY_ACTIVE_ARCH = YES;
				SDKROOT = iphoneos;
				SWIFT_ACTIVE_COMPILATION_CONDITIONS = DEBUG;
				SWIFT_OPTIMIZATION_LEVEL = "-Onone";
			};
			name = Debug;
		};
		CDA15B12200970AA007E6C32 /* Release */ = {
			isa = XCBuildConfiguration;
			buildSettings = {
				ALWAYS_SEARCH_USER_PATHS = NO;
				CLANG_ANALYZER_NONNULL = YES;
				CLANG_ANALYZER_NUMBER_OBJECT_CONVERSION = YES_AGGRESSIVE;
				CLANG_CXX_LANGUAGE_STANDARD = "gnu++14";
				CLANG_CXX_LIBRARY = "libc++";
				CLANG_ENABLE_MODULES = YES;
				CLANG_ENABLE_OBJC_ARC = YES;
				CLANG_WARN_BLOCK_CAPTURE_AUTORELEASING = YES;
				CLANG_WARN_BOOL_CONVERSION = YES;
				CLANG_WARN_COMMA = YES;
				CLANG_WARN_CONSTANT_CONVERSION = YES;
				CLANG_WARN_DIRECT_OBJC_ISA_USAGE = YES_ERROR;
				CLANG_WARN_DOCUMENTATION_COMMENTS = YES;
				CLANG_WARN_EMPTY_BODY = YES;
				CLANG_WARN_ENUM_CONVERSION = YES;
				CLANG_WARN_INFINITE_RECURSION = YES;
				CLANG_WARN_INT_CONVERSION = YES;
				CLANG_WARN_NON_LITERAL_NULL_CONVERSION = YES;
				CLANG_WARN_OBJC_LITERAL_CONVERSION = YES;
				CLANG_WARN_OBJC_ROOT_CLASS = YES_ERROR;
				CLANG_WARN_RANGE_LOOP_ANALYSIS = YES;
				CLANG_WARN_STRICT_PROTOTYPES = YES;
				CLANG_WARN_SUSPICIOUS_MOVE = YES;
				CLANG_WARN_UNGUARDED_AVAILABILITY = YES_AGGRESSIVE;
				CLANG_WARN_UNREACHABLE_CODE = YES;
				CLANG_WARN__DUPLICATE_METHOD_MATCH = YES;
				CODE_SIGN_IDENTITY = "iPhone Developer";
				COPY_PHASE_STRIP = NO;
				DEBUG_INFORMATION_FORMAT = "dwarf-with-dsym";
				ENABLE_NS_ASSERTIONS = NO;
				ENABLE_STRICT_OBJC_MSGSEND = YES;
				GCC_C_LANGUAGE_STANDARD = gnu11;
				GCC_NO_COMMON_BLOCKS = YES;
				GCC_WARN_64_TO_32_BIT_CONVERSION = YES;
				GCC_WARN_ABOUT_RETURN_TYPE = YES_ERROR;
				GCC_WARN_UNDECLARED_SELECTOR = YES;
				GCC_WARN_UNINITIALIZED_AUTOS = YES_AGGRESSIVE;
				GCC_WARN_UNUSED_FUNCTION = YES;
				GCC_WARN_UNUSED_VARIABLE = YES;
				IPHONEOS_DEPLOYMENT_TARGET = 11.2;
				MTL_ENABLE_DEBUG_INFO = NO;
				SDKROOT = iphoneos;
				SWIFT_OPTIMIZATION_LEVEL = "-Owholemodule";
				VALIDATE_PRODUCT = YES;
			};
			name = Release;
		};
		CDA15B14200970AA007E6C32 /* Debug */ = {
			isa = XCBuildConfiguration;
			buildSettings = {
				ASSETCATALOG_COMPILER_APPICON_NAME = AppIcon;
				CODE_SIGN_STYLE = Automatic;
				DEVELOPMENT_TEAM = VQ3DDEUQ7K;
				INFOPLIST_FILE = GithubCommits/Info.plist;
				LD_RUNPATH_SEARCH_PATHS = "$(inherited) @executable_path/Frameworks";
				PRODUCT_BUNDLE_IDENTIFIER = com.novinfard.GithubCommits;
				PRODUCT_NAME = "$(TARGET_NAME)";
				SWIFT_VERSION = 4.0;
				TARGETED_DEVICE_FAMILY = "1,2";
			};
			name = Debug;
		};
		CDA15B15200970AA007E6C32 /* Release */ = {
			isa = XCBuildConfiguration;
			buildSettings = {
				ASSETCATALOG_COMPILER_APPICON_NAME = AppIcon;
				CODE_SIGN_STYLE = Automatic;
				DEVELOPMENT_TEAM = VQ3DDEUQ7K;
				INFOPLIST_FILE = GithubCommits/Info.plist;
				LD_RUNPATH_SEARCH_PATHS = "$(inherited) @executable_path/Frameworks";
				PRODUCT_BUNDLE_IDENTIFIER = com.novinfard.GithubCommits;
				PRODUCT_NAME = "$(TARGET_NAME)";
				SWIFT_VERSION = 4.0;
				TARGETED_DEVICE_FAMILY = "1,2";
			};
			name = Release;
		};
/* End XCBuildConfiguration section */

/* Begin XCConfigurationList section */
		CDA15AFC200970A9007E6C32 /* Build configuration list for PBXProject "GithubCommits" */ = {
			isa = XCConfigurationList;
			buildConfigurations = (
				CDA15B11200970AA007E6C32 /* Debug */,
				CDA15B12200970AA007E6C32 /* Release */,
			);
			defaultConfigurationIsVisible = 0;
			defaultConfigurationName = Release;
		};
		CDA15B13200970AA007E6C32 /* Build configuration list for PBXNativeTarget "GithubCommits" */ = {
			isa = XCConfigurationList;
			buildConfigurations = (
				CDA15B14200970AA007E6C32 /* Debug */,
				CDA15B15200970AA007E6C32 /* Release */,
			);
			defaultConfigurationIsVisible = 0;
			defaultConfigurationName = Release;
		};
/* End XCConfigurationList section */
	};
	rootObject = CDA15AF9200970A9007E6C32 /* Project object */;
}
